# Auto-generated by sync-qe-agents workflow — do not edit manually
source_repo: stefanm-avenga/qe-agents-central
source_version: v2.1.2-pipetest
source_commit: e75d4467065876021d771c2d8a3bb67225eec61a
source_committed_at: 2026-08-03T14:46:36+02:00
agents:
  - name: analyst.agent.md
    sha: 38579cd
  - name: coder.agent.md
    sha: 2d2b96c
  - name: coordinator.agent.md
    sha: 8280f5f
  - name: healer.agent.md
    sha: 4c2ff07
  - name: reviewer.agent.md
    sha: 1b71581
instructions:
  - path: apps/webshop/webshop-domain.instructions.md
    sha: f337ed8
  - path: apps/webshop/webshop-pages.instructions.md
    sha: 8d6a1f0
  - path: base/behave-bdd.instructions.md
    sha: 066cadb
  - path: base/framework-structure.instructions.md
    sha: 3cf2e7f
  - path: base/playwright-python.instructions.md
    sha: 1f89e5b
  - path: governance/api-typed-clients-only.instructions.md
    sha: 226697f
  - path: governance/ui-no-raw-selectors.instructions.md
    sha: 91e129e
  - path: governance/webshop-no-real-payment-data.instructions.md
    sha: 8726d96
include_from:
governance:
  - rule: apps/webshop/structural/webshop-no-real-payment-data
    files:
      - path: description.md
        sha: a831acb
      - path: examples/compliant.py
        sha: 80c28f3
      - path: examples/violation.py
        sha: 78855cf
      - path: rule.yaml
        sha: bbaf3c2
      - path: semgrep.yaml
        sha: 8a99ac8
  - rule: base/structural/api-typed-clients-only
    files:
      - path: description.md
        sha: c67c50d
      - path: examples/compliant.py
        sha: 395fc9d
      - path: examples/violation.py
        sha: 8f595a2
      - path: rule.yaml
        sha: 92b17aa
      - path: semgrep.yaml
        sha: f474374
  - rule: base/structural/ui-no-raw-selectors
    files:
      - path: description.md
        sha: 6270cf1
      - path: examples/compliant.py
        sha: e458428
      - path: examples/violation.py
        sha: 727084d
      - path: rule.yaml
        sha: c7d074c
      - path: semgrep.yaml
        sha: 9e21b8e
waivers_sha: ed20a8b
hooks:
  - path: audit-logging.json
    sha: bac9f33
  - path: audit-logging/verifier_postuse.py
    sha: d0f9612
  - path: audit-logging/verifier_pretooluse.py
    sha: d8b7dcf
  - path: audit-logging/verifier_stop.py
    sha: b8a9f72
  - path: scope-enforcement/verifier_scope.py
    sha: be5cbf8
agent_overrides:
  []
