# Auto-generated by sync-qe-agents workflow — do not edit manually
source_repo: stefanm-avenga/qe-agents-central
source_version: v1.0.0
source_commit: 85edc32e8976e1046f94c447d4dd3d05c8ab4dcd
source_committed_at: 2026-08-02T12:31:57+02:00
agents:
  - name: analyst.agent.md
    sha: c429313
  - name: coder.agent.md
    sha: 24ef3ea
  - name: coordinator.agent.md
    sha: 0931e92
  - name: healer.agent.md
    sha: 68d172f
  - name: reviewer.agent.md
    sha: ae28c08
instructions:
  - path: apps/webshop/webshop-domain.instructions.md
    sha: 7243a04
  - path: apps/webshop/webshop-pages.instructions.md
    sha: 0c2bc72
  - path: base/behave-bdd.instructions.md
    sha: 17fe1b5
  - path: base/framework-structure.instructions.md
    sha: c8d11b5
  - path: base/playwright-python.instructions.md
    sha: e7baf63
  - path: governance/api-typed-clients-only.instructions.md
    sha: 1e5a467
  - path: governance/ui-no-raw-selectors.instructions.md
    sha: 65ee363
  - path: governance/webshop-no-real-payment-data.instructions.md
    sha: 8726d96
include_from:
governance:
  - rule: apps/webshop/structural/webshop-no-real-payment-data
    files:
      - path: description.md
        sha: a831acb
      - path: examples/compliant.py
        sha: 80c28f3
      - path: examples/violation.py
        sha: 78855cf
      - path: rule.yaml
        sha: bbaf3c2
      - path: semgrep.yaml
        sha: 8a99ac8
  - rule: base/structural/api-typed-clients-only
    files:
      - path: description.md
        sha: 57c9a69
      - path: examples/compliant.py
        sha: df70101
      - path: examples/violation.py
        sha: 8f595a2
      - path: rule.yaml
        sha: 247dda1
      - path: semgrep.yaml
        sha: 9b70121
  - rule: base/structural/ui-no-raw-selectors
    files:
      - path: description.md
        sha: 6270cf1
      - path: examples/compliant.py
        sha: a47d509
      - path: examples/violation.py
        sha: 727084d
      - path: rule.yaml
        sha: 786058e
      - path: semgrep.yaml
        sha: 4219eb1
waivers_sha: ed20a8b
hooks:
agent_overrides:
  []
